
Microsoft Visual Studio Solution File, Format Version 12.00
# Visual Studio Version 17
VisualStudioVersion = 17.3.32922.545
MinimumVisualStudioVersion = 10.0.40219.1
Project("{FAE04EC0-301F-11D3-BF4B-00C04F79EFBC}") = "RESPONSI A", "RESPONSI A\RESPONSI A.csproj", "{846D636A-5450-4E91-8660-FF7F4095551B}"
EndProject
Global
	GlobalSection(SolutionConfigurationPlatforms) = preSolution
		Debug|Any CPU = Debug|Any CPU
		Release|Any CPU = Release|Any CPU
	EndGlobalSection
	GlobalSection(ProjectConfigurationPlatforms) = postSolution
		{846D636A-5450-4E91-8660-FF7F4095551B}.Debug|Any CPU.ActiveCfg = Debug|Any CPU
		{846D636A-5450-4E91-8660-FF7F4095551B}.Debug|Any CPU.Build.0 = Debug|Any CPU
		{846D636A-5450-4E91-8660-FF7F4095551B}.Release|Any CPU.ActiveCfg = Release|Any CPU
		{846D636A-5450-4E91-8660-FF7F4095551B}.Release|Any CPU.Build.0 = Release|Any CPU
	EndGlobalSection
	GlobalSection(SolutionProperties) = preSolution
		HideSolutionNode = FALSE
	EndGlobalSection
	GlobalSection(ExtensibilityGlobals) = postSolution
		SolutionGuid = {28F3E8F5-0B6D-4A34-8E67-3578B7116646}
	EndGlobalSection
EndGlobal
